
Microsoft Visual Studio Solution File, Format Version 12.00
# Visual Studio Version 17
VisualStudioVersion = 17.7.34031.279
MinimumVisualStudioVersion = 10.0.40219.1
Project("{FAE04EC0-301F-11D3-BF4B-00C04F79EFBC}") = "Linq1", "Linq1\Linq1.csproj", "{A12F1E34-F531-4263-95A3-FC8E7179228E}"
EndProject
Global
	GlobalSection(SolutionConfigurationPlatforms) = preSolution
		Debug|Any CPU = Debug|Any CPU
		Release|Any CPU = Release|Any CPU
	EndGlobalSection
	GlobalSection(ProjectConfigurationPlatforms) = postSolution
		{A12F1E34-F531-4263-95A3-FC8E7179228E}.Debug|Any CPU.ActiveCfg = Debug|Any CPU
		{A12F1E34-F531-4263-95A3-FC8E7179228E}.Debug|Any CPU.Build.0 = Debug|Any CPU
		{A12F1E34-F531-4263-95A3-FC8E7179228E}.Release|Any CPU.ActiveCfg = Release|Any CPU
		{A12F1E34-F531-4263-95A3-FC8E7179228E}.Release|Any CPU.Build.0 = Release|Any CPU
	EndGlobalSection
	GlobalSection(SolutionProperties) = preSolution
		HideSolutionNode = FALSE
	EndGlobalSection
	GlobalSection(ExtensibilityGlobals) = postSolution
		SolutionGuid = {B4FF88D3-ECA9-476F-8014-8C02EDBADCF4}
	EndGlobalSection
EndGlobal
